
Microsoft Visual Studio Solution File, Format Version 12.00
# Visual Studio Version 17
VisualStudioVersion = 17.5.33424.131
MinimumVisualStudioVersion = 10.0.40219.1
Project("{2150E333-8FDC-42A3-9474-1A3956D46DE8}") = "src", "src", "{AFAA0841-BD93-466F-B8F4-FB4EEC86F1FC}"
EndProject
Project("{2150E333-8FDC-42A3-9474-1A3956D46DE8}") = "test", "test", "{F10AA149-2626-486E-85BB-9CD5365F3016}"
EndProject
Project("{9A19103F-16F7-4668-BE54-9A1E7A4F7556}") = "BBK.SaaS.Web.Mvc", "src\BBK.SaaS.Web.Mvc\BBK.SaaS.Web.Mvc.csproj", "{A2213374-BB48-48FD-BBD4-81E6A961D866}"
EndProject
Project("{9A19103F-16F7-4668-BE54-9A1E7A4F7556}") = "BBK.SaaS.Web.Host", "src\BBK.SaaS.Web.Host\BBK.SaaS.Web.Host.csproj", "{9FC37C62-2105-4D32-9724-7323B959504B}"
EndProject
Project("{9A19103F-16F7-4668-BE54-9A1E7A4F7556}") = "BBK.SaaS.Tests", "test\BBK.SaaS.Tests\BBK.SaaS.Tests.csproj", "{0D4C5D00-C144-4213-A007-4B8944113AB1}"
EndProject
Project("{9A19103F-16F7-4668-BE54-9A1E7A4F7556}") = "BBK.SaaS.Migrator", "src\BBK.SaaS.Migrator\BBK.SaaS.Migrator.csproj", "{7CAD3713-812A-4DE1-BDE3-59225B1E430A}"
EndProject
Project("{9A19103F-16F7-4668-BE54-9A1E7A4F7556}") = "BBK.SaaS.Web.Core", "src\BBK.SaaS.Web.Core\BBK.SaaS.Web.Core.csproj", "{0F0E141D-2626-4114-9805-3AFD8275A6B0}"
EndProject
Project("{9A19103F-16F7-4668-BE54-9A1E7A4F7556}") = "BBK.SaaS.EntityFrameworkCore", "src\BBK.SaaS.EntityFrameworkCore\BBK.SaaS.EntityFrameworkCore.csproj", "{A229F7D5-EE83-462E-8642-E9A2D5EA90FE}"
EndProject
Project("{2150E333-8FDC-42A3-9474-1A3956D46DE8}") = "Solution Items", "Solution Items", "{D04D9608-9CEB-4E0A-B548-410F7475E9F1}"
	ProjectSection(SolutionItems) = preProject
		common.props = common.props
	EndProjectSection
EndProject
Project("{9A19103F-16F7-4668-BE54-9A1E7A4F7556}") = "BBK.SaaS.Web.Public", "src\BBK.SaaS.Web.Public\BBK.SaaS.Web.Public.csproj", "{2A88C289-A06A-4D69-8C71-E632E0F6B96D}"
EndProject
Project("{9A19103F-16F7-4668-BE54-9A1E7A4F7556}") = "BBK.SaaS.GraphQL", "src\BBK.SaaS.GraphQL\BBK.SaaS.GraphQL.csproj", "{06BE6AD3-3D14-4D0B-935A-4228C7904A9D}"
EndProject
Project("{9A19103F-16F7-4668-BE54-9A1E7A4F7556}") = "BBK.SaaS.GraphQL.Tests", "test\BBK.SaaS.GraphQL.Tests\BBK.SaaS.GraphQL.Tests.csproj", "{E09101B3-F77E-4C72-8465-7B430FA93AD1}"
EndProject
Project("{9A19103F-16F7-4668-BE54-9A1E7A4F7556}") = "BBK.SaaS.Test.Base", "test\BBK.SaaS.Test.Base\BBK.SaaS.Test.Base.csproj", "{62EC592B-CC95-43C2-9736-0EC6E46B01FA}"
EndProject
Project("{2150E333-8FDC-42A3-9474-1A3956D46DE8}") = "core", "core", "{CEF2D329-D714-4724-AAA1-BB6C0649E4BD}"
EndProject
Project("{2150E333-8FDC-42A3-9474-1A3956D46DE8}") = "db", "db", "{9F6327D0-4592-4DEF-88FA-400523FE8C5C}"
EndProject
Project("{2150E333-8FDC-42A3-9474-1A3956D46DE8}") = "modules", "modules", "{1C4482DC-1A59-4EEB-8259-A1246F113388}"
EndProject
Project("{9A19103F-16F7-4668-BE54-9A1E7A4F7556}") = "BBK.SaaS.Core.Shared", "..\core\BBK.SaaS.Core.Shared\BBK.SaaS.Core.Shared.csproj", "{5116352D-A428-41FD-BD83-28169670E345}"
EndProject
Project("{9A19103F-16F7-4668-BE54-9A1E7A4F7556}") = "BBK.SaaS.Core", "..\core\BBK.SaaS.Core\BBK.SaaS.Core.csproj", "{97DC34E2-4398-4937-B9B8-1A8E4D060398}"
EndProject
Project("{9A19103F-16F7-4668-BE54-9A1E7A4F7556}") = "BBK.SaaS.Application.Shared", "..\core\BBK.SaaS.Application.Shared\BBK.SaaS.Application.Shared.csproj", "{28EF4935-FE72-4F4D-AB18-3E8227B73239}"
EndProject
Project("{9A19103F-16F7-4668-BE54-9A1E7A4F7556}") = "BBK.SaaS.Application", "..\core\BBK.SaaS.Application\BBK.SaaS.Application.csproj", "{211B6840-9FCD-4A28-B6E5-CD3EA8A419B6}"
EndProject
Global
	GlobalSection(SolutionConfigurationPlatforms) = preSolution
		Debug|Any CPU = Debug|Any CPU
		Release|Any CPU = Release|Any CPU
	EndGlobalSection
	GlobalSection(ProjectConfigurationPlatforms) = postSolution
		{A2213374-BB48-48FD-BBD4-81E6A961D866}.Debug|Any CPU.ActiveCfg = Debug|Any CPU
		{A2213374-BB48-48FD-BBD4-81E6A961D866}.Debug|Any CPU.Build.0 = Debug|Any CPU
		{A2213374-BB48-48FD-BBD4-81E6A961D866}.Release|Any CPU.ActiveCfg = Release|Any CPU
		{A2213374-BB48-48FD-BBD4-81E6A961D866}.Release|Any CPU.Build.0 = Release|Any CPU
		{9FC37C62-2105-4D32-9724-7323B959504B}.Debug|Any CPU.ActiveCfg = Debug|Any CPU
		{9FC37C62-2105-4D32-9724-7323B959504B}.Debug|Any CPU.Build.0 = Debug|Any CPU
		{9FC37C62-2105-4D32-9724-7323B959504B}.Release|Any CPU.ActiveCfg = Release|Any CPU
		{9FC37C62-2105-4D32-9724-7323B959504B}.Release|Any CPU.Build.0 = Release|Any CPU
		{0D4C5D00-C144-4213-A007-4B8944113AB1}.Debug|Any CPU.ActiveCfg = Debug|Any CPU
		{0D4C5D00-C144-4213-A007-4B8944113AB1}.Debug|Any CPU.Build.0 = Debug|Any CPU
		{0D4C5D00-C144-4213-A007-4B8944113AB1}.Release|Any CPU.ActiveCfg = Release|Any CPU
		{0D4C5D00-C144-4213-A007-4B8944113AB1}.Release|Any CPU.Build.0 = Release|Any CPU
		{7CAD3713-812A-4DE1-BDE3-59225B1E430A}.Debug|Any CPU.ActiveCfg = Debug|Any CPU
		{7CAD3713-812A-4DE1-BDE3-59225B1E430A}.Debug|Any CPU.Build.0 = Debug|Any CPU
		{7CAD3713-812A-4DE1-BDE3-59225B1E430A}.Release|Any CPU.ActiveCfg = Release|Any CPU
		{7CAD3713-812A-4DE1-BDE3-59225B1E430A}.Release|Any CPU.Build.0 = Release|Any CPU
		{0F0E141D-2626-4114-9805-3AFD8275A6B0}.Debug|Any CPU.ActiveCfg = Debug|Any CPU
		{0F0E141D-2626-4114-9805-3AFD8275A6B0}.Debug|Any CPU.Build.0 = Debug|Any CPU
		{0F0E141D-2626-4114-9805-3AFD8275A6B0}.Release|Any CPU.ActiveCfg = Release|Any CPU
		{0F0E141D-2626-4114-9805-3AFD8275A6B0}.Release|Any CPU.Build.0 = Release|Any CPU
		{A229F7D5-EE83-462E-8642-E9A2D5EA90FE}.Debug|Any CPU.ActiveCfg = Debug|Any CPU
		{A229F7D5-EE83-462E-8642-E9A2D5EA90FE}.Debug|Any CPU.Build.0 = Debug|Any CPU
		{A229F7D5-EE83-462E-8642-E9A2D5EA90FE}.Release|Any CPU.ActiveCfg = Release|Any CPU
		{A229F7D5-EE83-462E-8642-E9A2D5EA90FE}.Release|Any CPU.Build.0 = Release|Any CPU
		{2A88C289-A06A-4D69-8C71-E632E0F6B96D}.Debug|Any CPU.ActiveCfg = Debug|Any CPU
		{2A88C289-A06A-4D69-8C71-E632E0F6B96D}.Debug|Any CPU.Build.0 = Debug|Any CPU
		{2A88C289-A06A-4D69-8C71-E632E0F6B96D}.Release|Any CPU.ActiveCfg = Release|Any CPU
		{2A88C289-A06A-4D69-8C71-E632E0F6B96D}.Release|Any CPU.Build.0 = Release|Any CPU
		{06BE6AD3-3D14-4D0B-935A-4228C7904A9D}.Debug|Any CPU.ActiveCfg = Debug|Any CPU
		{06BE6AD3-3D14-4D0B-935A-4228C7904A9D}.Debug|Any CPU.Build.0 = Debug|Any CPU
		{06BE6AD3-3D14-4D0B-935A-4228C7904A9D}.Release|Any CPU.ActiveCfg = Release|Any CPU
		{06BE6AD3-3D14-4D0B-935A-4228C7904A9D}.Release|Any CPU.Build.0 = Release|Any CPU
		{E09101B3-F77E-4C72-8465-7B430FA93AD1}.Debug|Any CPU.ActiveCfg = Debug|Any CPU
		{E09101B3-F77E-4C72-8465-7B430FA93AD1}.Debug|Any CPU.Build.0 = Debug|Any CPU
		{E09101B3-F77E-4C72-8465-7B430FA93AD1}.Release|Any CPU.ActiveCfg = Release|Any CPU
		{E09101B3-F77E-4C72-8465-7B430FA93AD1}.Release|Any CPU.Build.0 = Release|Any CPU
		{62EC592B-CC95-43C2-9736-0EC6E46B01FA}.Debug|Any CPU.ActiveCfg = Debug|Any CPU
		{62EC592B-CC95-43C2-9736-0EC6E46B01FA}.Debug|Any CPU.Build.0 = Debug|Any CPU
		{62EC592B-CC95-43C2-9736-0EC6E46B01FA}.Release|Any CPU.ActiveCfg = Release|Any CPU
		{62EC592B-CC95-43C2-9736-0EC6E46B01FA}.Release|Any CPU.Build.0 = Release|Any CPU
		{5116352D-A428-41FD-BD83-28169670E345}.Debug|Any CPU.ActiveCfg = Debug|Any CPU
		{5116352D-A428-41FD-BD83-28169670E345}.Debug|Any CPU.Build.0 = Debug|Any CPU
		{5116352D-A428-41FD-BD83-28169670E345}.Release|Any CPU.ActiveCfg = Release|Any CPU
		{5116352D-A428-41FD-BD83-28169670E345}.Release|Any CPU.Build.0 = Release|Any CPU
		{97DC34E2-4398-4937-B9B8-1A8E4D060398}.Debug|Any CPU.ActiveCfg = Debug|Any CPU
		{97DC34E2-4398-4937-B9B8-1A8E4D060398}.Debug|Any CPU.Build.0 = Debug|Any CPU
		{97DC34E2-4398-4937-B9B8-1A8E4D060398}.Release|Any CPU.ActiveCfg = Release|Any CPU
		{97DC34E2-4398-4937-B9B8-1A8E4D060398}.Release|Any CPU.Build.0 = Release|Any CPU
		{28EF4935-FE72-4F4D-AB18-3E8227B73239}.Debug|Any CPU.ActiveCfg = Debug|Any CPU
		{28EF4935-FE72-4F4D-AB18-3E8227B73239}.Debug|Any CPU.Build.0 = Debug|Any CPU
		{28EF4935-FE72-4F4D-AB18-3E8227B73239}.Release|Any CPU.ActiveCfg = Release|Any CPU
		{28EF4935-FE72-4F4D-AB18-3E8227B73239}.Release|Any CPU.Build.0 = Release|Any CPU
		{211B6840-9FCD-4A28-B6E5-CD3EA8A419B6}.Debug|Any CPU.ActiveCfg = Debug|Any CPU
		{211B6840-9FCD-4A28-B6E5-CD3EA8A419B6}.Debug|Any CPU.Build.0 = Debug|Any CPU
		{211B6840-9FCD-4A28-B6E5-CD3EA8A419B6}.Release|Any CPU.ActiveCfg = Release|Any CPU
		{211B6840-9FCD-4A28-B6E5-CD3EA8A419B6}.Release|Any CPU.Build.0 = Release|Any CPU
	EndGlobalSection
	GlobalSection(SolutionProperties) = preSolution
		HideSolutionNode = FALSE
	EndGlobalSection
	GlobalSection(NestedProjects) = preSolution
		{A2213374-BB48-48FD-BBD4-81E6A961D866} = {AFAA0841-BD93-466F-B8F4-FB4EEC86F1FC}
		{9FC37C62-2105-4D32-9724-7323B959504B} = {AFAA0841-BD93-466F-B8F4-FB4EEC86F1FC}
		{0D4C5D00-C144-4213-A007-4B8944113AB1} = {F10AA149-2626-486E-85BB-9CD5365F3016}
		{7CAD3713-812A-4DE1-BDE3-59225B1E430A} = {9F6327D0-4592-4DEF-88FA-400523FE8C5C}
		{0F0E141D-2626-4114-9805-3AFD8275A6B0} = {AFAA0841-BD93-466F-B8F4-FB4EEC86F1FC}
		{A229F7D5-EE83-462E-8642-E9A2D5EA90FE} = {9F6327D0-4592-4DEF-88FA-400523FE8C5C}
		{2A88C289-A06A-4D69-8C71-E632E0F6B96D} = {AFAA0841-BD93-466F-B8F4-FB4EEC86F1FC}
		{06BE6AD3-3D14-4D0B-935A-4228C7904A9D} = {1C4482DC-1A59-4EEB-8259-A1246F113388}
		{E09101B3-F77E-4C72-8465-7B430FA93AD1} = {F10AA149-2626-486E-85BB-9CD5365F3016}
		{62EC592B-CC95-43C2-9736-0EC6E46B01FA} = {F10AA149-2626-486E-85BB-9CD5365F3016}
		{5116352D-A428-41FD-BD83-28169670E345} = {CEF2D329-D714-4724-AAA1-BB6C0649E4BD}
		{97DC34E2-4398-4937-B9B8-1A8E4D060398} = {CEF2D329-D714-4724-AAA1-BB6C0649E4BD}
		{28EF4935-FE72-4F4D-AB18-3E8227B73239} = {CEF2D329-D714-4724-AAA1-BB6C0649E4BD}
		{211B6840-9FCD-4A28-B6E5-CD3EA8A419B6} = {CEF2D329-D714-4724-AAA1-BB6C0649E4BD}
	EndGlobalSection
	GlobalSection(ExtensibilityGlobals) = postSolution
		SolutionGuid = {23CD4D4B-B131-473D-9ECB-5DD96E739671}
	EndGlobalSection
EndGlobal
